
Microsoft Visual Studio Solution File, Format Version 11.00
# Visual Studio 2010
Project("{FAE04EC0-301F-11D3-BF4B-00C04F79EFBC}") = "F1Speed", "F1Speed\F1Speed.csproj", "{6A21F736-434E-4728-9AF6-E3821441CF4D}"
EndProject
Project("{FAE04EC0-301F-11D3-BF4B-00C04F79EFBC}") = "F1Speed.Tests", "F1Speed.Tests\F1Speed.Tests.csproj", "{03A28DF6-D633-4E33-A3E6-64E596922C03}"
EndProject
Project("{FAE04EC0-301F-11D3-BF4B-00C04F79EFBC}") = "F1Speed.Core", "F1Speed.Core\F1Speed.Core.csproj", "{265741B0-30F4-4E28-A054-BAEE3F6B3A52}"
EndProject
Project("{2150E333-8FDC-42A3-9474-1A3956D46DE8}") = "Server", "Server", "{2A73F200-D685-48EE-B98B-DB1EABBA9D79}"
EndProject
Project("{2150E333-8FDC-42A3-9474-1A3956D46DE8}") = "Client", "Client", "{57543A7D-91A0-43C6-81B5-4C145B8072DE}"
EndProject
Project("{FAE04EC0-301F-11D3-BF4B-00C04F79EFBC}") = "F1Speed.Schema", "F1Speed.Schema\F1Speed.Schema.csproj", "{F711113F-6058-4EBB-AA7A-884A31BCF1A8}"
EndProject
Project("{FAE04EC0-301F-11D3-BF4B-00C04F79EFBC}") = "F1Speed.Service", "F1Speed.Service\F1Speed.Service.csproj", "{583457A7-2316-43CF-857E-867F198CCC1E}"
EndProject
Project("{FAE04EC0-301F-11D3-BF4B-00C04F79EFBC}") = "F1Speed.Service.Tests", "F1Speed.Service.Tests\F1Speed.Service.Tests.csproj", "{9AA4EAE7-B518-45E2-9F10-F198AB6E653D}"
EndProject
Project("{2150E333-8FDC-42A3-9474-1A3956D46DE8}") = "Solution Items", "Solution Items", "{90E2DED0-0512-4DFF-A567-6DF5049FCBDA}"
	ProjectSection(SolutionItems) = preProject
		F1Speed.vsmdi = F1Speed.vsmdi
		Local.testsettings = Local.testsettings
		TraceAndTestImpact.testsettings = TraceAndTestImpact.testsettings
	EndProjectSection
EndProject
Project("{FAE04EC0-301F-11D3-BF4B-00C04F79EFBC}") = "F1Speed.Service.Model", "F1Speed.Service.Model\F1Speed.Service.Model.csproj", "{7DAD0BBE-3165-4AD0-86E4-BB78AABAE0EB}"
EndProject
Global
	GlobalSection(TestCaseManagementSettings) = postSolution
		CategoryFile = F1Speed.vsmdi
	EndGlobalSection
	GlobalSection(SolutionConfigurationPlatforms) = preSolution
		Debug|Any CPU = Debug|Any CPU
		Debug|Mixed Platforms = Debug|Mixed Platforms
		Debug|x86 = Debug|x86
		Release|Any CPU = Release|Any CPU
		Release|Mixed Platforms = Release|Mixed Platforms
		Release|x86 = Release|x86
	EndGlobalSection
	GlobalSection(ProjectConfigurationPlatforms) = postSolution
		{6A21F736-434E-4728-9AF6-E3821441CF4D}.Debug|Any CPU.ActiveCfg = Debug|x86
		{6A21F736-434E-4728-9AF6-E3821441CF4D}.Debug|Any CPU.Build.0 = Debug|x86
		{6A21F736-434E-4728-9AF6-E3821441CF4D}.Debug|Mixed Platforms.ActiveCfg = Debug|x86
		{6A21F736-434E-4728-9AF6-E3821441CF4D}.Debug|Mixed Platforms.Build.0 = Debug|x86
		{6A21F736-434E-4728-9AF6-E3821441CF4D}.Debug|x86.ActiveCfg = Debug|x86
		{6A21F736-434E-4728-9AF6-E3821441CF4D}.Debug|x86.Build.0 = Debug|x86
		{6A21F736-434E-4728-9AF6-E3821441CF4D}.Release|Any CPU.ActiveCfg = Release|x86
		{6A21F736-434E-4728-9AF6-E3821441CF4D}.Release|Mixed Platforms.ActiveCfg = Release|x86
		{6A21F736-434E-4728-9AF6-E3821441CF4D}.Release|Mixed Platforms.Build.0 = Release|x86
		{6A21F736-434E-4728-9AF6-E3821441CF4D}.Release|x86.ActiveCfg = Release|x86
		{6A21F736-434E-4728-9AF6-E3821441CF4D}.Release|x86.Build.0 = Release|x86
		{03A28DF6-D633-4E33-A3E6-64E596922C03}.Debug|Any CPU.ActiveCfg = Debug|Any CPU
		{03A28DF6-D633-4E33-A3E6-64E596922C03}.Debug|Any CPU.Build.0 = Debug|Any CPU
		{03A28DF6-D633-4E33-A3E6-64E596922C03}.Debug|Mixed Platforms.ActiveCfg = Debug|Any CPU
		{03A28DF6-D633-4E33-A3E6-64E596922C03}.Debug|Mixed Platforms.Build.0 = Debug|Any CPU
		{03A28DF6-D633-4E33-A3E6-64E596922C03}.Debug|x86.ActiveCfg = Debug|Any CPU
		{03A28DF6-D633-4E33-A3E6-64E596922C03}.Release|Any CPU.ActiveCfg = Release|Any CPU
		{03A28DF6-D633-4E33-A3E6-64E596922C03}.Release|Any CPU.Build.0 = Release|Any CPU
		{03A28DF6-D633-4E33-A3E6-64E596922C03}.Release|Mixed Platforms.ActiveCfg = Release|Any CPU
		{03A28DF6-D633-4E33-A3E6-64E596922C03}.Release|Mixed Platforms.Build.0 = Release|Any CPU
		{03A28DF6-D633-4E33-A3E6-64E596922C03}.Release|x86.ActiveCfg = Release|Any CPU
		{265741B0-30F4-4E28-A054-BAEE3F6B3A52}.Debug|Any CPU.ActiveCfg = Debug|Any CPU
		{265741B0-30F4-4E28-A054-BAEE3F6B3A52}.Debug|Any CPU.Build.0 = Debug|Any CPU
		{265741B0-30F4-4E28-A054-BAEE3F6B3A52}.Debug|Mixed Platforms.ActiveCfg = Debug|Any CPU
		{265741B0-30F4-4E28-A054-BAEE3F6B3A52}.Debug|Mixed Platforms.Build.0 = Debug|Any CPU
		{265741B0-30F4-4E28-A054-BAEE3F6B3A52}.Debug|x86.ActiveCfg = Debug|Any CPU
		{265741B0-30F4-4E28-A054-BAEE3F6B3A52}.Release|Any CPU.ActiveCfg = Release|Any CPU
		{265741B0-30F4-4E28-A054-BAEE3F6B3A52}.Release|Any CPU.Build.0 = Release|Any CPU
		{265741B0-30F4-4E28-A054-BAEE3F6B3A52}.Release|Mixed Platforms.ActiveCfg = Release|Any CPU
		{265741B0-30F4-4E28-A054-BAEE3F6B3A52}.Release|Mixed Platforms.Build.0 = Release|Any CPU
		{265741B0-30F4-4E28-A054-BAEE3F6B3A52}.Release|x86.ActiveCfg = Release|Any CPU
		{F711113F-6058-4EBB-AA7A-884A31BCF1A8}.Debug|Any CPU.ActiveCfg = Debug|Any CPU
		{F711113F-6058-4EBB-AA7A-884A31BCF1A8}.Debug|Mixed Platforms.ActiveCfg = Debug|Any CPU
		{F711113F-6058-4EBB-AA7A-884A31BCF1A8}.Debug|x86.ActiveCfg = Debug|Any CPU
		{F711113F-6058-4EBB-AA7A-884A31BCF1A8}.Release|Any CPU.ActiveCfg = Release|Any CPU
		{F711113F-6058-4EBB-AA7A-884A31BCF1A8}.Release|Any CPU.Build.0 = Release|Any CPU
		{F711113F-6058-4EBB-AA7A-884A31BCF1A8}.Release|Mixed Platforms.ActiveCfg = Release|Any CPU
		{F711113F-6058-4EBB-AA7A-884A31BCF1A8}.Release|Mixed Platforms.Build.0 = Release|Any CPU
		{F711113F-6058-4EBB-AA7A-884A31BCF1A8}.Release|x86.ActiveCfg = Release|Any CPU
		{583457A7-2316-43CF-857E-867F198CCC1E}.Debug|Any CPU.ActiveCfg = Debug|Any CPU
		{583457A7-2316-43CF-857E-867F198CCC1E}.Debug|Mixed Platforms.ActiveCfg = Debug|Any CPU
		{583457A7-2316-43CF-857E-867F198CCC1E}.Debug|x86.ActiveCfg = Debug|Any CPU
		{583457A7-2316-43CF-857E-867F198CCC1E}.Release|Any CPU.ActiveCfg = Release|Any CPU
		{583457A7-2316-43CF-857E-867F198CCC1E}.Release|Any CPU.Build.0 = Release|Any CPU
		{583457A7-2316-43CF-857E-867F198CCC1E}.Release|Mixed Platforms.ActiveCfg = Release|Any CPU
		{583457A7-2316-43CF-857E-867F198CCC1E}.Release|Mixed Platforms.Build.0 = Release|Any CPU
		{583457A7-2316-43CF-857E-867F198CCC1E}.Release|x86.ActiveCfg = Release|Any CPU
		{9AA4EAE7-B518-45E2-9F10-F198AB6E653D}.Debug|Any CPU.ActiveCfg = Debug|Any CPU
		{9AA4EAE7-B518-45E2-9F10-F198AB6E653D}.Debug|Mixed Platforms.ActiveCfg = Debug|Any CPU
		{9AA4EAE7-B518-45E2-9F10-F198AB6E653D}.Debug|Mixed Platforms.Build.0 = Debug|Any CPU
		{9AA4EAE7-B518-45E2-9F10-F198AB6E653D}.Debug|x86.ActiveCfg = Debug|Any CPU
		{9AA4EAE7-B518-45E2-9F10-F198AB6E653D}.Release|Any CPU.ActiveCfg = Release|Any CPU
		{9AA4EAE7-B518-45E2-9F10-F198AB6E653D}.Release|Any CPU.Build.0 = Release|Any CPU
		{9AA4EAE7-B518-45E2-9F10-F198AB6E653D}.Release|Mixed Platforms.ActiveCfg = Release|Any CPU
		{9AA4EAE7-B518-45E2-9F10-F198AB6E653D}.Release|Mixed Platforms.Build.0 = Release|Any CPU
		{9AA4EAE7-B518-45E2-9F10-F198AB6E653D}.Release|x86.ActiveCfg = Release|Any CPU
		{7DAD0BBE-3165-4AD0-86E4-BB78AABAE0EB}.Debug|Any CPU.ActiveCfg = Debug|Any CPU
		{7DAD0BBE-3165-4AD0-86E4-BB78AABAE0EB}.Debug|Mixed Platforms.ActiveCfg = Debug|Any CPU
		{7DAD0BBE-3165-4AD0-86E4-BB78AABAE0EB}.Debug|Mixed Platforms.Build.0 = Debug|Any CPU
		{7DAD0BBE-3165-4AD0-86E4-BB78AABAE0EB}.Debug|x86.ActiveCfg = Debug|Any CPU
		{7DAD0BBE-3165-4AD0-86E4-BB78AABAE0EB}.Release|Any CPU.ActiveCfg = Release|Any CPU
		{7DAD0BBE-3165-4AD0-86E4-BB78AABAE0EB}.Release|Any CPU.Build.0 = Release|Any CPU
		{7DAD0BBE-3165-4AD0-86E4-BB78AABAE0EB}.Release|Mixed Platforms.ActiveCfg = Release|Any CPU
		{7DAD0BBE-3165-4AD0-86E4-BB78AABAE0EB}.Release|Mixed Platforms.Build.0 = Release|Any CPU
		{7DAD0BBE-3165-4AD0-86E4-BB78AABAE0EB}.Release|x86.ActiveCfg = Release|Any CPU
	EndGlobalSection
	GlobalSection(SolutionProperties) = preSolution
		HideSolutionNode = FALSE
	EndGlobalSection
	GlobalSection(NestedProjects) = preSolution
		{03A28DF6-D633-4E33-A3E6-64E596922C03} = {57543A7D-91A0-43C6-81B5-4C145B8072DE}
		{265741B0-30F4-4E28-A054-BAEE3F6B3A52} = {57543A7D-91A0-43C6-81B5-4C145B8072DE}
		{6A21F736-434E-4728-9AF6-E3821441CF4D} = {57543A7D-91A0-43C6-81B5-4C145B8072DE}
		{F711113F-6058-4EBB-AA7A-884A31BCF1A8} = {2A73F200-D685-48EE-B98B-DB1EABBA9D79}
		{583457A7-2316-43CF-857E-867F198CCC1E} = {2A73F200-D685-48EE-B98B-DB1EABBA9D79}
		{9AA4EAE7-B518-45E2-9F10-F198AB6E653D} = {2A73F200-D685-48EE-B98B-DB1EABBA9D79}
		{90E2DED0-0512-4DFF-A567-6DF5049FCBDA} = {2A73F200-D685-48EE-B98B-DB1EABBA9D79}
		{7DAD0BBE-3165-4AD0-86E4-BB78AABAE0EB} = {2A73F200-D685-48EE-B98B-DB1EABBA9D79}
	EndGlobalSection
EndGlobal
